dependencies:
- name: common
  repository: https://charts.bitnami.com/bitnami
  version: 1.4.3
- name: postgresql
  repository: https://charts.bitnami.com/bitnami
  version: 10.4.1
digest: sha256:7d4709d0407a7107754d11d83b482464103cf971daff5d90b05516accdcaf05e
generated: "2021-05-03T16:42:41.833679597-07:00"
